
Microsoft Visual Studio Solution File, Format Version 12.00
# Visual Studio 2012
Project("{FAE04EC0-301F-11D3-BF4B-00C04F79EFBC}") = "Caelan.Frameworks.BIZ", "Caelan.Frameworks.BIZ\Caelan.Frameworks.BIZ.csproj", "{38D6FAE4-CA98-4DA6-8BB6-E6294C2C8E5A}"
EndProject
Global
	GlobalSection(SolutionConfigurationPlatforms) = preSolution
		Debug|Any CPU = Debug|Any CPU
		Release|Any CPU = Release|Any CPU
	EndGlobalSection
	GlobalSection(ProjectConfigurationPlatforms) = postSolution
		{38D6FAE4-CA98-4DA6-8BB6-E6294C2C8E5A}.Debug|Any CPU.ActiveCfg = Debug|Any CPU
		{38D6FAE4-CA98-4DA6-8BB6-E6294C2C8E5A}.Debug|Any CPU.Build.0 = Debug|Any CPU
		{38D6FAE4-CA98-4DA6-8BB6-E6294C2C8E5A}.Release|Any CPU.ActiveCfg = Release|Any CPU
		{38D6FAE4-CA98-4DA6-8BB6-E6294C2C8E5A}.Release|Any CPU.Build.0 = Release|Any CPU
	EndGlobalSection
	GlobalSection(SolutionProperties) = preSolution
		HideSolutionNode = FALSE
	EndGlobalSection
EndGlobal
