
Microsoft Visual Studio Solution File, Format Version 12.00
# Visual Studio 2014
VisualStudioVersion = 12.0.31101.0
MinimumVisualStudioVersion = 10.0.40219.1
Project("{f2a71f9b-5d33-465a-a702-920d77279786}") = "Caelan.Frameworks.BIZ", "Caelan.Frameworks.BIZ\Caelan.Frameworks.BIZ.fsproj", "{884E5E82-289E-4EBE-A0AF-9735AE4BDA45}"
EndProject
Project("{f2a71f9b-5d33-465a-a702-920d77279786}") = "Caelan.Frameworks.BIZ.NUnit", "Caelan.Frameworks.BIZ.NUnit\Caelan.Frameworks.BIZ.NUnit.fsproj", "{50F2BD84-6BDE-4BAA-AFBB-60FE09132600}"
EndProject
Project("{FAE04EC0-301F-11D3-BF4B-00C04F79EFBC}") = "Caelan.Frameworks.BIZ.NUnit.Data", "Caelan.Frameworks.BIZ.NUnit.Data\Caelan.Frameworks.BIZ.NUnit.Data.csproj", "{2100B07C-FA1D-4A34-8698-8DA3AC661898}"
EndProject
Project("{2150E333-8FDC-42A3-9474-1A3956D46DE8}") = "Solution Items", "Solution Items", "{0CB37AF8-94C3-4E5D-A0DD-440DCE584EED}"
	ProjectSection(SolutionItems) = preProject
		appveyor.yml = appveyor.yml
	EndProjectSection
EndProject
Global
	GlobalSection(SolutionConfigurationPlatforms) = preSolution
		Debug|Any CPU = Debug|Any CPU
		Release|Any CPU = Release|Any CPU
	EndGlobalSection
	GlobalSection(ProjectConfigurationPlatforms) = postSolution
		{2100B07C-FA1D-4A34-8698-8DA3AC661898}.Debug|Any CPU.ActiveCfg = Debug|Any CPU
		{2100B07C-FA1D-4A34-8698-8DA3AC661898}.Debug|Any CPU.Build.0 = Debug|Any CPU
		{2100B07C-FA1D-4A34-8698-8DA3AC661898}.Release|Any CPU.ActiveCfg = Release|Any CPU
		{2100B07C-FA1D-4A34-8698-8DA3AC661898}.Release|Any CPU.Build.0 = Release|Any CPU
		{50F2BD84-6BDE-4BAA-AFBB-60FE09132600}.Debug|Any CPU.ActiveCfg = Debug|Any CPU
		{50F2BD84-6BDE-4BAA-AFBB-60FE09132600}.Debug|Any CPU.Build.0 = Debug|Any CPU
		{50F2BD84-6BDE-4BAA-AFBB-60FE09132600}.Release|Any CPU.ActiveCfg = Release|Any CPU
		{50F2BD84-6BDE-4BAA-AFBB-60FE09132600}.Release|Any CPU.Build.0 = Release|Any CPU
		{884E5E82-289E-4EBE-A0AF-9735AE4BDA45}.Debug|Any CPU.ActiveCfg = Debug|Any CPU
		{884E5E82-289E-4EBE-A0AF-9735AE4BDA45}.Debug|Any CPU.Build.0 = Debug|Any CPU
		{884E5E82-289E-4EBE-A0AF-9735AE4BDA45}.Release|Any CPU.ActiveCfg = Release|Any CPU
		{884E5E82-289E-4EBE-A0AF-9735AE4BDA45}.Release|Any CPU.Build.0 = Release|Any CPU
	EndGlobalSection
	GlobalSection(NestedProjects) = preSolution
	EndGlobalSection
	GlobalSection(SolutionProperties) = preSolution
		HideSolutionNode = FALSE
	EndGlobalSection
EndGlobal
